// !$*UTF8*$!
{
	archiveVersion = 1;
	classes = {
	};
	objectVersion = 50;
	objects = {

/* Begin PBXBuildFile section */
		263F60B72681004800B4908E /* AppDelegate.swift in Sources */ = {isa = PBXBuildFile; fileRef = 263F60B62681004800B4908E /* AppDelegate.swift */; };
		263F60B92681004800B4908E /* SceneDelegate.swift in Sources */ = {isa = PBXBuildFile; fileRef = 263F60B82681004800B4908E /* SceneDelegate.swift */; };
		263F60BB2681004800B4908E /* ViewController.swift in Sources */ = {isa = PBXBuildFile; fileRef = 263F60BA2681004800B4908E /* ViewController.swift */; };
		263F60BE2681004800B4908E /* Main.storyboard in Resources */ = {isa = PBXBuildFile; fileRef = 263F60BC2681004800B4908E /* Main.storyboard */; };
		263F60C02681004800B4908E /* Assets.xcassets in Resources */ = {isa = PBXBuildFile; fileRef = 263F60BF2681004800B4908E /* Assets.xcassets */; };
		263F60C32681004800B4908E /* LaunchScreen.storyboard in Resources */ = {isa = PBXBuildFile; fileRef = 263F60C12681004800B4908E /* LaunchScreen.storyboard */; };
		263F60EB26810BAD00B4908E /* VCTableViewCell.swift in Sources */ = {isa = PBXBuildFile; fileRef = 263F60EA26810BAD00B4908E /* VCTableViewCell.swift */; };
		263F60ED2681119700B4908E /* CollectionViewCell.swift in Sources */ = {isa = PBXBuildFile; fileRef = 263F60EC2681119700B4908E /* CollectionViewCell.swift */; };
/* End PBXBuildFile section */

/* Begin PBXFileReference section */
		263F60B32681004800B4908E /* DemoCollectionView.app */ = {isa = PBXFileReference; explicitFileType = wrapper.application; includeInIndex = 0; path = DemoCollectionView.app; sourceTree = BUILT_PRODUCTS_DIR; };
		263F60B62681004800B4908E /* AppDelegate.swift */ = {isa = PBXFileReference; lastKnownFileType = sourcecode.swift; path = AppDelegate.swift; sourceTree = "<group>"; };
		263F60B82681004800B4908E /* SceneDelegate.swift */ = {isa = PBXFileReference; lastKnownFileType = sourcecode.swift; path = SceneDelegate.swift; sourceTree = "<group>"; };
		263F60BA2681004800B4908E /* ViewController.swift */ = {isa = PBXFileReference; lastKnownFileType = sourcecode.swift; path = ViewController.swift; sourceTree = "<group>"; };
		263F60BD2681004800B4908E /* Base */ = {isa = PBXFileReference; lastKnownFileType = file.storyboard; name = Base; path = Base.lproj/Main.storyboard; sourceTree = "<group>"; };
		263F60BF2681004800B4908E /* Assets.xcassets */ = {isa = PBXFileReference; lastKnownFileType = folder.assetcatalog; path = Assets.xcassets; sourceTree = "<group>"; };
		263F60C22681004800B4908E /* Base */ = {isa = PBXFileReference; lastKnownFileType = file.storyboard; name = Base; path = Base.lproj/LaunchScreen.storyboard; sourceTree = "<group>"; };
		263F60C42681004800B4908E /* Info.plist */ = {isa = PBXFileReference; lastKnownFileType = text.plist.xml; path = Info.plist; sourceTree = "<group>"; };
		263F60EA26810BAD00B4908E /* VCTableViewCell.swift */ = {isa = PBXFileReference; lastKnownFileType = sourcecode.swift; path = VCTableViewCell.swift; sourceTree = "<group>"; };
		263F60EC2681119700B4908E /* CollectionViewCell.swift */ = {isa = PBXFileReference; lastKnownFileType = sourcecode.swift; name = CollectionViewCell.swift; path = Assets.xcassets/CollectionViewCell.swift; sourceTree = "<group>"; };
/* End PBXFileReference section */

/* Begin PBXFrameworksBuildPhase section */
		263F60B02681004800B4908E /* Frameworks */ = {
			isa = PBXFrameworksBuildPhase;
			buildActionMask = 2147483647;
			files = (
			);
			runOnlyForDeploymentPostprocessing = 0;
		};
/* End PBXFrameworksBuildPhase section */

/* Begin PBXGroup section */
		263F60AA2681004800B4908E = {
			isa = PBXGroup;
			children = (
				263F60B52681004800B4908E /* DemoCollectionView */,
				263F60B42681004800B4908E /* Products */,
			);
			sourceTree = "<group>";
		};
		263F60B42681004800B4908E /* Products */ = {
			isa = PBXGroup;
			children = (
				263F60B32681004800B4908E /* DemoCollectionView.app */,
			);
			name = Products;
			sourceTree = "<group>";
		};
		263F60B52681004800B4908E /* DemoCollectionView */ = {
			isa = PBXGroup;
			children = (
				263F60B62681004800B4908E /* AppDelegate.swift */,
				263F60B82681004800B4908E /* SceneDelegate.swift */,
				263F60BA2681004800B4908E /* ViewController.swift */,
				263F60EA26810BAD00B4908E /* VCTableViewCell.swift */,
				263F60EC2681119700B4908E /* CollectionViewCell.swift */,
				263F60BC2681004800B4908E /* Main.storyboard */,
				263F60BF2681004800B4908E /* Assets.xcassets */,
				263F60C12681004800B4908E /* LaunchScreen.storyboard */,
				263F60C42681004800B4908E /* Info.plist */,
			);
			path = DemoCollectionView;
			sourceTree = "<group>";
		};
/* End PBXGroup section */

/* Begin PBXNativeTarget section */
		263F60B22681004800B4908E /* DemoCollectionView */ = {
			isa = PBXNativeTarget;
			buildConfigurationList = 263F60C72681004800B4908E /* Build configuration list for PBXNativeTarget "DemoCollectionView" */;
			buildPhases = (
				263F60AF2681004800B4908E /* Sources */,
				263F60B02681004800B4908E /* Frameworks */,
				263F60B12681004800B4908E /* Resources */,
			);
			buildRules = (
			);
			dependencies = (
			);
			name = DemoCollectionView;
			productName = DemoCollectionView;
			productReference = 263F60B32681004800B4908E /* DemoCollectionView.app */;
			productType = "com.apple.product-type.application";
		};
/* End PBXNativeTarget section */

/* Begin PBXProject section */
		263F60AB2681004800B4908E /* Project object */ = {
			isa = PBXProject;
			attributes = {
				LastSwiftUpdateCheck = 1250;
				LastUpgradeCheck = 1250;
				TargetAttributes = {
					263F60B22681004800B4908E = {
						CreatedOnToolsVersion = 12.5;
					};
				};
			};
			buildConfigurationList = 263F60AE2681004800B4908E /* Build configuration list for PBXProject "DemoCollectionView" */;
			compatibilityVersion = "Xcode 9.3";
			developmentRegion = en;
			hasScannedForEncodings = 0;
			knownRegions = (
				en,
				Base,
			);
			mainGroup = 263F60AA2681004800B4908E;
			productRefGroup = 263F60B42681004800B4908E /* Products */;
			projectDirPath = "";
			projectRoot = "";
			targets = (
				263F60B22681004800B4908E /* DemoCollectionView */,
			);
		};
/* End PBXProject section */

/* Begin PBXResourcesBuildPhase section */
		263F60B12681004800B4908E /* Resources */ = {
			isa = PBXResourcesBuildPhase;
			buildActionMask = 2147483647;
			files = (
				263F60C32681004800B4908E /* LaunchScreen.storyboard in Resources */,
				263F60C02681004800B4908E /* Assets.xcassets in Resources */,
				263F60BE2681004800B4908E /* Main.storyboard in Resources */,
			);
			runOnlyForDeploymentPostprocessing = 0;
		};
/* End PBXResourcesBuildPhase section */

/* Begin PBXSourcesBuildPhase section */
		263F60AF2681004800B4908E /* Sources */ = {
			isa = PBXSourcesBuildPhase;
			buildActionMask = 2147483647;
			files = (
				263F60ED2681119700B4908E /* CollectionViewCell.swift in Sources */,
				263F60EB26810BAD00B4908E /* VCTableViewCell.swift in Sources */,
				263F60BB2681004800B4908E /* ViewController.swift in Sources */,
				263F60B72681004800B4908E /* AppDelegate.swift in Sources */,
				263F60B92681004800B4908E /* SceneDelegate.swift in Sources */,
			);
			runOnlyForDeploymentPostprocessing = 0;
		};
/* End PBXSourcesBuildPhase section */

/* Begin PBXVariantGroup section */
		263F60BC2681004800B4908E /* Main.storyboard */ = {
			isa = PBXVariantGroup;
			children = (
				263F60BD2681004800B4908E /* Base */,
			);
			name = Main.storyboard;
			sourceTree = "<group>";
		};
		263F60C12681004800B4908E /* LaunchScreen.storyboard */ = {
			isa = PBXVariantGroup;
			children = (
				263F60C22681004800B4908E /* Base */,
			);
			name = LaunchScreen.storyboard;
			sourceTree = "<group>";
		};
/* End PBXVariantGroup section */

/* Begin XCBuildConfiguration section */
		263F60C52681004800B4908E /* Debug */ = {
			isa = XCBuildConfiguration;
			buildSettings = {
				ALWAYS_SEARCH_USER_PATHS = NO;
				CLANG_ANALYZER_NONNULL = YES;
				CLANG_ANALYZER_NUMBER_OBJECT_CONVERSION = YES_AGGRESSIVE;
				CLANG_CXX_LANGUAGE_STANDARD = "gnu++14";
				CLANG_CXX_LIBRARY = "libc++";
				CLANG_ENABLE_MODULES = YES;
				CLANG_ENABLE_OBJC_ARC = YES;
				CLANG_ENABLE_OBJC_WEAK = YES;
				CLANG_WARN_BLOCK_CAPTURE_AUTORELEASING = YES;
				CLANG_WARN_BOOL_CONVERSION = YES;
				CLANG_WARN_COMMA = YES;
				CLANG_WARN_CONSTANT_CONVERSION = YES;
				CLANG_WARN_DEPRECATED_OBJC_IMPLEMENTATIONS = YES;
				CLANG_WARN_DIRECT_OBJC_ISA_USAGE = YES_ERROR;
				CLANG_WARN_DOCUMENTATION_COMMENTS = YES;
				CLANG_WARN_EMPTY_BODY = YES;
				CLANG_WARN_ENUM_CONVERSION = YES;
				CLANG_WARN_INFINITE_RECURSION = YES;
				CLANG_WARN_INT_CONVERSION = YES;
				CLANG_WARN_NON_LITERAL_NULL_CONVERSION = YES;
				CLANG_WARN_OBJC_IMPLICIT_RETAIN_SELF = YES;
				CLANG_WARN_OBJC_LITERAL_CONVERSION = YES;
				CLANG_WARN_OBJC_ROOT_CLASS = YES_ERROR;
				CLANG_WARN_QUOTED_INCLUDE_IN_FRAMEWORK_HEADER = YES;
				CLANG_WARN_RANGE_LOOP_ANALYSIS = YES;
				CLANG_WARN_STRICT_PROTOTYPES = YES;
				CLANG_WARN_SUSPICIOUS_MOVE = YES;
				CLANG_WARN_UNGUARDED_AVAILABILITY = YES_AGGRESSIVE;
				CLANG_WARN_UNREACHABLE_CODE = YES;
				CLANG_WARN__DUPLICATE_METHOD_MATCH = YES;
				COPY_PHASE_STRIP = NO;
				DEBUG_INFORMATION_FORMAT = dwarf;
				ENABLE_STRICT_OBJC_MSGSEND = YES;
				ENABLE_TESTABILITY = YES;
				GCC_C_LANGUAGE_STANDARD = gnu11;
				GCC_DYNAMIC_NO_PIC = NO;
				GCC_NO_COMMON_BLOCKS = YES;
				GCC_OPTIMIZATION_LEVEL = 0;
				GCC_PREPROCESSOR_DEFINITIONS = (
					"DEBUG=1",
					"$(inherited)",
				);
				GCC_WARN_64_TO_32_BIT_CONVERSION = YES;
				GCC_WARN_ABOUT_RETURN_TYPE = YES_ERROR;
				GCC_WARN_UNDECLARED_SELECTOR = YES;
				GCC_WARN_UNINITIALIZED_AUTOS = YES_AGGRESSIVE;
				GCC_WARN_UNUSED_FUNCTION = YES;
				GCC_WARN_UNUSED_VARIABLE = YES;
				IPHONEOS_DEPLOYMENT_TARGET = 14.5;
				MTL_ENABLE_DEBUG_INFO = INCLUDE_SOURCE;
				MTL_FAST_MATH = YES;
				ONLY_ACTIVE_ARCH = YES;
				SDKROOT = iphoneos;
				SWIFT_ACTIVE_COMPILATION_CONDITIONS = DEBUG;
				SWIFT_OPTIMIZATION_LEVEL = "-Onone";
			};
			name = Debug;
		};
		263F60C62681004800B4908E /* Release */ = {
			isa = XCBuildConfiguration;
			buildSettings = {
				ALWAYS_SEARCH_USER_PATHS = NO;
				CLANG_ANALYZER_NONNULL = YES;
				CLANG_ANALYZER_NUMBER_OBJECT_CONVERSION = YES_AGGRESSIVE;
				CLANG_CXX_LANGUAGE_STANDARD = "gnu++14";
				CLANG_CXX_LIBRARY = "libc++";
				CLANG_ENABLE_MODULES = YES;
				CLANG_ENABLE_OBJC_ARC = YES;
				CLANG_ENABLE_OBJC_WEAK = YES;
				CLANG_WARN_BLOCK_CAPTURE_AUTORELEASING = YES;
				CLANG_WARN_BOOL_CONVERSION = YES;
				CLANG_WARN_COMMA = YES;
				CLANG_WARN_CONSTANT_CONVERSION = YES;
				CLANG_WARN_DEPRECATED_OBJC_IMPLEMENTATIONS = YES;
				CLANG_WARN_DIRECT_OBJC_ISA_USAGE = YES_ERROR;
				CLANG_WARN_DOCUMENTATION_COMMENTS = YES;
				CLANG_WARN_EMPTY_BODY = YES;
				CLANG_WARN_ENUM_CONVERSION = YES;
				CLANG_WARN_INFINITE_RECURSION = YES;
				CLANG_WARN_INT_CONVERSION = YES;
				CLANG_WARN_NON_LITERAL_NULL_CONVERSION = YES;
				CLANG_WARN_OBJC_IMPLICIT_RETAIN_SELF = YES;
				CLANG_WARN_OBJC_LITERAL_CONVERSION = YES;
				CLANG_WARN_OBJC_ROOT_CLASS = YES_ERROR;
				CLANG_WARN_QUOTED_INCLUDE_IN_FRAMEWORK_HEADER = YES;
				CLANG_WARN_RANGE_LOOP_ANALYSIS = YES;
				CLANG_WARN_STRICT_PROTOTYPES = YES;
				CLANG_WARN_SUSPICIOUS_MOVE = YES;
				CLANG_WARN_UNGUARDED_AVAILABILITY = YES_AGGRESSIVE;
				CLANG_WARN_UNREACHABLE_CODE = YES;
				CLANG_WARN__DUPLICATE_METHOD_MATCH = YES;
				COPY_PHASE_STRIP = NO;
				DEBUG_INFORMATION_FORMAT = "dwarf-with-dsym";
				ENABLE_NS_ASSERTIONS = NO;
				ENABLE_STRICT_OBJC_MSGSEND = YES;
				GCC_C_LANGUAGE_STANDARD = gnu11;
				GCC_NO_COMMON_BLOCKS = YES;
				GCC_WARN_64_TO_32_BIT_CONVERSION = YES;
				GCC_WARN_ABOUT_RETURN_TYPE = YES_ERROR;
				GCC_WARN_UNDECLARED_SELECTOR = YES;
				GCC_WARN_UNINITIALIZED_AUTOS = YES_AGGRESSIVE;
				GCC_WARN_UNUSED_FUNCTION = YES;
				GCC_WARN_UNUSED_VARIABLE = YES;
				IPHONEOS_DEPLOYMENT_TARGET = 14.5;
				MTL_ENABLE_DEBUG_INFO = NO;
				MTL_FAST_MATH = YES;
				SDKROOT = iphoneos;
				SWIFT_COMPILATION_MODE = wholemodule;
				SWIFT_OPTIMIZATION_LEVEL = "-O";
				VALIDATE_PRODUCT = YES;
			};
			name = Release;
		};
		263F60C82681004800B4908E /* Debug */ = {
			isa = XCBuildConfiguration;
			buildSettings = {
				ASSETCATALOG_COMPILER_APPICON_NAME = AppIcon;
				ASSETCATALOG_COMPILER_GLOBAL_ACCENT_COLOR_NAME = AccentColor;
				CODE_SIGN_STYLE = Automatic;
				DEVELOPMENT_TEAM = 3Q643G8AAS;
				INFOPLIST_FILE = DemoCollectionView/Info.plist;
				LD_RUNPATH_SEARCH_PATHS = (
					"$(inherited)",
					"@executable_path/Frameworks",
				);
				PRODUCT_BUNDLE_IDENTIFIER = Jaldeep.DemoCollectionView;
				PRODUCT_NAME = "$(TARGET_NAME)";
				SWIFT_VERSION = 5.0;
				TARGETED_DEVICE_FAMILY = "1,2";
			};
			name = Debug;
		};
		263F60C92681004800B4908E /* Release */ = {
			isa = XCBuildConfiguration;
			buildSettings = {
				ASSETCATALOG_COMPILER_APPICON_NAME = AppIcon;
				ASSETCATALOG_COMPILER_GLOBAL_ACCENT_COLOR_NAME = AccentColor;
				CODE_SIGN_STYLE = Automatic;
				DEVELOPMENT_TEAM = 3Q643G8AAS;
				INFOPLIST_FILE = DemoCollectionView/Info.plist;
				LD_RUNPATH_SEARCH_PATHS = (
					"$(inherited)",
					"@executable_path/Frameworks",
				);
				PRODUCT_BUNDLE_IDENTIFIER = Jaldeep.DemoCollectionView;
				PRODUCT_NAME = "$(TARGET_NAME)";
				SWIFT_VERSION = 5.0;
				TARGETED_DEVICE_FAMILY = "1,2";
			};
			name = Release;
		};
/* End XCBuildConfiguration section */

/* Begin XCConfigurationList section */
		263F60AE2681004800B4908E /* Build configuration list for PBXProject "DemoCollectionView" */ = {
			isa = XCConfigurationList;
			buildConfigurations = (
				263F60C52681004800B4908E /* Debug */,
				263F60C62681004800B4908E /* Release */,
			);
			defaultConfigurationIsVisible = 0;
			defaultConfigurationName = Release;
		};
		263F60C72681004800B4908E /* Build configuration list for PBXNativeTarget "DemoCollectionView" */ = {
			isa = XCConfigurationList;
			buildConfigurations = (
				263F60C82681004800B4908E /* Debug */,
				263F60C92681004800B4908E /* Release */,
			);
			defaultConfigurationIsVisible = 0;
			defaultConfigurationName = Release;
		};
/* End XCConfigurationList section */
	};
	rootObject = 263F60AB2681004800B4908E /* Project object */;
}
